schema: '2.0'
stages:
  GetAtoms:
    cmd: "python3 -c \"from main import GetAtoms; GetAtoms.load(name='GetAtoms').run_and_save()\"\
      \ "
    params:
      params.yaml:
        GetAtoms:
          size: 3
    outs:
    - path: nodes/GetAtoms/outs.json
      md5: 6b5a79446c5355a71fa33d4aaed92041
      size: 5762
  RunMD:
    cmd: "python3 -c \"from main import RunMD; RunMD.load(name='RunMD').run_and_save()\"\
      \ "
    deps:
    - path: nodes/GetAtoms/outs.json
      md5: 6b5a79446c5355a71fa33d4aaed92041
      size: 5762
    params:
      params.yaml:
        RunMD:
          dump_interval: 5
          steps: 20
          temperature: 300
          timestep: 1.0
    outs:
    - path: nodes/RunMD/outs.json
      md5: ff365e9c83f8d788d806d81236e6e228
      size: 181608
  ComputeRDF:
    cmd: "python3 -c \"from main import ComputeRDF; ComputeRDF.load(name='ComputeRDF').run_and_save()\"\
      \ "
    deps:
    - path: nodes/RunMD/outs.json
      md5: ff365e9c83f8d788d806d81236e6e228
      size: 181608
    params:
      params.yaml:
        ComputeRDF:
          nbins: 50
          rmax: 3.6
    outs:
    - path: nodes/ComputeRDF/outs.json
      md5: 65720242224976b89e23cc8768befb79
      size: 1607
