schema: '2.0'
stages:
  GetAtoms:
    cmd: "python3 -c \"from main import GetAtoms; GetAtoms.load(name='GetAtoms').run_and_save()\"\
      \ "
    params:
      params.yaml:
        GetAtoms:
          size: 3
    outs:
    - path: nodes/GetAtoms/outs.json
      md5: 6b5a79446c5355a71fa33d4aaed92041
      size: 5762
